
Microsoft Visual Studio Solution File, Format Version 12.00
# Visual Studio Version 16
VisualStudioVersion = 16.0.30804.86
MinimumVisualStudioVersion = 10.0.40219.1
Project("{FAE04EC0-301F-11D3-BF4B-00C04F79EFBC}") = "MISA.Import", "MISA.Import\MISA.Import.csproj", "{BE40EFD0-A349-4889-9369-C33FCC259130}"
EndProject
Global
	GlobalSection(SolutionConfigurationPlatforms) = preSolution
		Debug|Any CPU = Debug|Any CPU
		Release|Any CPU = Release|Any CPU
	EndGlobalSection
	GlobalSection(ProjectConfigurationPlatforms) = postSolution
		{BE40EFD0-A349-4889-9369-C33FCC259130}.Debug|Any CPU.ActiveCfg = Debug|Any CPU
		{BE40EFD0-A349-4889-9369-C33FCC259130}.Debug|Any CPU.Build.0 = Debug|Any CPU
		{BE40EFD0-A349-4889-9369-C33FCC259130}.Release|Any CPU.ActiveCfg = Release|Any CPU
		{BE40EFD0-A349-4889-9369-C33FCC259130}.Release|Any CPU.Build.0 = Release|Any CPU
	EndGlobalSection
	GlobalSection(SolutionProperties) = preSolution
		HideSolutionNode = FALSE
	EndGlobalSection
	GlobalSection(ExtensibilityGlobals) = postSolution
		SolutionGuid = {795F96B2-6854-456D-9482-67AD2B59157B}
	EndGlobalSection
EndGlobal
